PODS:
  - Flutter (1.0.0)
  - fluttertoast (0.0.2):
    - Flutter
    - Toast
  - image_picker (0.0.1):
    - Flutter
  - location (0.0.1):
    - Flutter
  - package_info (0.0.1):
    - Flutter
  - path_provider (0.0.1):
    - Flutter
  - share_files_and_screenshot_widgets (0.0.1):
    - Flutter
  - share_plus (0.0.1):
    - Flutter
  - shared_preferences (0.0.1):
    - Flutter
  - Toast (4.0.0)
  - url_launcher (0.0.1):
    - Flutter
  - video_player (0.0.1):
    - Flutter

DEPENDENCIES:
  - Flutter (from `Flutter`)
  - fluttertoast (from `.symlinks/plugins/fluttertoast/ios`)
  - image_picker (from `.symlinks/plugins/image_picker/ios`)
  - location (from `.symlinks/plugins/location/ios`)
  - package_info (from `.symlinks/plugins/package_info/ios`)
  - path_provider (from `.symlinks/plugins/path_provider/ios`)
  - share_files_and_screenshot_widgets (from `.symlinks/plugins/share_files_and_screenshot_widgets/ios`)
  - share_plus (from `.symlinks/plugins/share_plus/ios`)
  - shared_preferences (from `.symlinks/plugins/shared_preferences/ios`)
  - url_launcher (from `.symlinks/plugins/url_launcher/ios`)
  - video_player (from `.symlinks/plugins/video_player/ios`)

SPEC REPOS:
  trunk:
    - Toast

EXTERNAL SOURCES:
  Flutter:
    :path: Flutter
  fluttertoast:
    :path: ".symlinks/plugins/fluttertoast/ios"
  image_picker:
    :path: ".symlinks/plugins/image_picker/ios"
  location:
    :path: ".symlinks/plugins/location/ios"
  package_info:
    :path: ".symlinks/plugins/package_info/ios"
  path_provider:
    :path: ".symlinks/plugins/path_provider/ios"
  share_files_and_screenshot_widgets:
    :path: ".symlinks/plugins/share_files_and_screenshot_widgets/ios"
  share_plus:
    :path: ".symlinks/plugins/share_plus/ios"
  shared_preferences:
    :path: ".symlinks/plugins/shared_preferences/ios"
  url_launcher:
    :path: ".symlinks/plugins/url_launcher/ios"
  video_player:
    :path: ".symlinks/plugins/video_player/ios"

SPEC CHECKSUMS:
  Flutter: 434fef37c0980e73bb6479ef766c45957d4b510c
  fluttertoast: 6122fa75143e992b1d3470f61000f591a798cc58
  image_picker: 50e7c7ff960e5f58faa4d1f4af84a771c671bc4a
  location: 3a2eed4dd2fab25e7b7baf2a9efefe82b512d740
  package_info: 873975fc26034f0b863a300ad47e7f1ac6c7ec62
  path_provider: abfe2b5c733d04e238b0d8691db0cfd63a27a93c
  share_files_and_screenshot_widgets: 11063d06810f086eade3c1170946f8599e276adb
  share_plus: 056a1e8ac890df3e33cb503afffaf1e9b4fbae68
  shared_preferences: af6bfa751691cdc24be3045c43ec037377ada40d
  Toast: 91b396c56ee72a5790816f40d3a94dd357abc196
  url_launcher: 6fef411d543ceb26efce54b05a0a40bfd74cbbef
  video_player: 9cc823b1d9da7e8427ee591e8438bfbcde500e6e

PODFILE CHECKSUM: aafe91acc616949ddb318b77800a7f51bffa2a4c

COCOAPODS: 1.10.1
